// !$*UTF8*$!
{
	archiveVersion = 1;
	classes = {
	};
	objectVersion = 56;
	objects = {

/* Begin PBXBuildFile section */
		069F4B2A2A12516700AA9784 /* View.swift in Sources */ = {isa = PBXBuildFile; fileRef = 069F4B292A12516700AA9784 /* View.swift */; };
		06A0CE3C2A0E8CDA003103C8 /* AnnotationView.swift in Sources */ = {isa = PBXBuildFile; fileRef = 06A0CE3B2A0E8CDA003103C8 /* AnnotationView.swift */; };
		06A0CE3F2A0E8D98003103C8 /* Extension.swift in Sources */ = {isa = PBXBuildFile; fileRef = 06A0CE3E2A0E8D98003103C8 /* Extension.swift */; };
		06A0CE412A0E8FCE003103C8 /* Carte.swift in Sources */ = {isa = PBXBuildFile; fileRef = 06A0CE402A0E8FCE003103C8 /* Carte.swift */; };
		06A0CE432A0E8FDA003103C8 /* Coordinator.swift in Sources */ = {isa = PBXBuildFile; fileRef = 06A0CE422A0E8FDA003103C8 /* Coordinator.swift */; };
		06A0CE462A0E90E3003103C8 /* MultiPolygon.swift in Sources */ = {isa = PBXBuildFile; fileRef = 06A0CE452A0E90E3003103C8 /* MultiPolygon.swift */; };
		06A0CE482A0E917B003103C8 /* CartePolygon.swift in Sources */ = {isa = PBXBuildFile; fileRef = 06A0CE472A0E917B003103C8 /* CartePolygon.swift */; };
		06A0CE4A2A0E9444003103C8 /* Configuration.swift in Sources */ = {isa = PBXBuildFile; fileRef = 06A0CE492A0E9444003103C8 /* Configuration.swift */; };
		06A0CE4D2A122391003103C8 /* Location.swift in Sources */ = {isa = PBXBuildFile; fileRef = 06A0CE4C2A122391003103C8 /* Location.swift */; };
		06A0CE4F2A1223A7003103C8 /* Category.swift in Sources */ = {isa = PBXBuildFile; fileRef = 06A0CE4E2A1223A7003103C8 /* Category.swift */; };
		06A0CE512A1223D1003103C8 /* LocationView.swift in Sources */ = {isa = PBXBuildFile; fileRef = 06A0CE502A1223D1003103C8 /* LocationView.swift */; };
		06A0CE542A12403E003103C8 /* MapKit.framework in Frameworks */ = {isa = PBXBuildFile; fileRef = 06A0CE532A12403C003103C8 /* MapKit.framework */; };
		06AB2DDD2A20E131004AD954 /* Header.swift in Sources */ = {isa = PBXBuildFile; fileRef = 06AB2DDC2A20E131004AD954 /* Header.swift */; };
		06D2E6642A1B6D9F00987A2D /* README.md in Resources */ = {isa = PBXBuildFile; fileRef = 06D2E6632A1B6D9F00987A2D /* README.md */; };
		06D2E6692A1BB9AD00987A2D /* SearchPointOfInterest.swift in Sources */ = {isa = PBXBuildFile; fileRef = 06D2E6682A1BB9AD00987A2D /* SearchPointOfInterest.swift */; };
		06D2E66B2A1BBCB900987A2D /* MKPointOfInterest.swift in Sources */ = {isa = PBXBuildFile; fileRef = 06D2E66A2A1BBCB900987A2D /* MKPointOfInterest.swift */; };
		06F9633A2A0E87DC00BDC6A8 /* CarteApp.swift in Sources */ = {isa = PBXBuildFile; fileRef = 06F963392A0E87DC00BDC6A8 /* CarteApp.swift */; };
		06F9633C2A0E87DC00BDC6A8 /* ContentView.swift in Sources */ = {isa = PBXBuildFile; fileRef = 06F9633B2A0E87DC00BDC6A8 /* ContentView.swift */; };
		06F9633E2A0E87DF00BDC6A8 /* Assets.xcassets in Resources */ = {isa = PBXBuildFile; fileRef = 06F9633D2A0E87DF00BDC6A8 /* Assets.xcassets */; };
		06F963422A0E87DF00BDC6A8 /* Preview Assets.xcassets in Resources */ = {isa = PBXBuildFile; fileRef = 06F963412A0E87DF00BDC6A8 /* Preview Assets.xcassets */; };
/* End PBXBuildFile section */

/* Begin PBXFileReference section */
		069F4B292A12516700AA9784 /* View.swift */ = {isa = PBXFileReference; lastKnownFileType = sourcecode.swift; path = View.swift; sourceTree = "<group>"; };
		06A0CE3B2A0E8CDA003103C8 /* AnnotationView.swift */ = {isa = PBXFileReference; lastKnownFileType = sourcecode.swift; path = AnnotationView.swift; sourceTree = "<group>"; };
		06A0CE3E2A0E8D98003103C8 /* Extension.swift */ = {isa = PBXFileReference; lastKnownFileType = sourcecode.swift; path = Extension.swift; sourceTree = "<group>"; };
		06A0CE402A0E8FCE003103C8 /* Carte.swift */ = {isa = PBXFileReference; lastKnownFileType = sourcecode.swift; path = Carte.swift; sourceTree = "<group>"; };
		06A0CE422A0E8FDA003103C8 /* Coordinator.swift */ = {isa = PBXFileReference; lastKnownFileType = sourcecode.swift; path = Coordinator.swift; sourceTree = "<group>"; };
		06A0CE452A0E90E3003103C8 /* MultiPolygon.swift */ = {isa = PBXFileReference; lastKnownFileType = sourcecode.swift; path = MultiPolygon.swift; sourceTree = "<group>"; };
		06A0CE472A0E917B003103C8 /* CartePolygon.swift */ = {isa = PBXFileReference; lastKnownFileType = sourcecode.swift; path = CartePolygon.swift; sourceTree = "<group>"; };
		06A0CE492A0E9444003103C8 /* Configuration.swift */ = {isa = PBXFileReference; lastKnownFileType = sourcecode.swift; path = Configuration.swift; sourceTree = "<group>"; };
		06A0CE4C2A122391003103C8 /* Location.swift */ = {isa = PBXFileReference; lastKnownFileType = sourcecode.swift; path = Location.swift; sourceTree = "<group>"; };
		06A0CE4E2A1223A7003103C8 /* Category.swift */ = {isa = PBXFileReference; lastKnownFileType = sourcecode.swift; path = Category.swift; sourceTree = "<group>"; };
		06A0CE502A1223D1003103C8 /* LocationView.swift */ = {isa = PBXFileReference; lastKnownFileType = sourcecode.swift; path = LocationView.swift; sourceTree = "<group>"; };
		06A0CE532A12403C003103C8 /* MapKit.framework */ = {isa = PBXFileReference; lastKnownFileType = wrapper.framework; name = MapKit.framework; path = Platforms/iPhoneOS.platform/Developer/SDKs/iPhoneOS16.2.sdk/System/Library/Frameworks/MapKit.framework; sourceTree = DEVELOPER_DIR; };
		06AB2DDC2A20E131004AD954 /* Header.swift */ = {isa = PBXFileReference; lastKnownFileType = sourcecode.swift; path = Header.swift; sourceTree = "<group>"; };
		06D2E6632A1B6D9F00987A2D /* README.md */ = {isa = PBXFileReference; fileEncoding = 4; lastKnownFileType = net.daringfireball.markdown; path = README.md; sourceTree = SOURCE_ROOT; };
		06D2E6682A1BB9AD00987A2D /* SearchPointOfInterest.swift */ = {isa = PBXFileReference; lastKnownFileType = sourcecode.swift; path = SearchPointOfInterest.swift; sourceTree = "<group>"; };
		06D2E66A2A1BBCB900987A2D /* MKPointOfInterest.swift */ = {isa = PBXFileReference; lastKnownFileType = sourcecode.swift; path = MKPointOfInterest.swift; sourceTree = "<group>"; };
		06F963362A0E87DC00BDC6A8 /* Carte.app */ = {isa = PBXFileReference; explicitFileType = wrapper.application; includeInIndex = 0; path = Carte.app; sourceTree = BUILT_PRODUCTS_DIR; };
		06F963392A0E87DC00BDC6A8 /* CarteApp.swift */ = {isa = PBXFileReference; lastKnownFileType = sourcecode.swift; path = CarteApp.swift; sourceTree = "<group>"; };
		06F9633B2A0E87DC00BDC6A8 /* ContentView.swift */ = {isa = PBXFileReference; lastKnownFileType = sourcecode.swift; path = ContentView.swift; sourceTree = "<group>"; };
		06F9633D2A0E87DF00BDC6A8 /* Assets.xcassets */ = {isa = PBXFileReference; lastKnownFileType = folder.assetcatalog; path = Assets.xcassets; sourceTree = "<group>"; };
		06F9633F2A0E87DF00BDC6A8 /* Carte.entitlements */ = {isa = PBXFileReference; lastKnownFileType = text.plist.entitlements; path = Carte.entitlements; sourceTree = "<group>"; };
		06F963412A0E87DF00BDC6A8 /* Preview Assets.xcassets */ = {isa = PBXFileReference; lastKnownFileType = folder.assetcatalog; path = "Preview Assets.xcassets"; sourceTree = "<group>"; };
/* End PBXFileReference section */

/* Begin PBXFrameworksBuildPhase section */
		06F963332A0E87DC00BDC6A8 /* Frameworks */ = {
			isa = PBXFrameworksBuildPhase;
			buildActionMask = 2147483647;
			files = (
				06A0CE542A12403E003103C8 /* MapKit.framework in Frameworks */,
			);
			runOnlyForDeploymentPostprocessing = 0;
		};
/* End PBXFrameworksBuildPhase section */

/* Begin PBXGroup section */
		06A0CE392A0E8C43003103C8 /* Carte */ = {
			isa = PBXGroup;
			children = (
				06A0CE402A0E8FCE003103C8 /* Carte.swift */,
				06A0CE422A0E8FDA003103C8 /* Coordinator.swift */,
			);
			path = Carte;
			sourceTree = "<group>";
		};
		06A0CE3A2A0E8CB5003103C8 /* Annotation */ = {
			isa = PBXGroup;
			children = (
				06A0CE3B2A0E8CDA003103C8 /* AnnotationView.swift */,
			);
			path = Annotation;
			sourceTree = "<group>";
		};
		06A0CE3D2A0E8D6D003103C8 /* Configuration */ = {
			isa = PBXGroup;
			children = (
				06A0CE3E2A0E8D98003103C8 /* Extension.swift */,
				06A0CE492A0E9444003103C8 /* Configuration.swift */,
				069F4B292A12516700AA9784 /* View.swift */,
			);
			path = Configuration;
			sourceTree = "<group>";
		};
		06A0CE442A0E90AC003103C8 /* Overlays */ = {
			isa = PBXGroup;
			children = (
				06A0CE452A0E90E3003103C8 /* MultiPolygon.swift */,
				06A0CE472A0E917B003103C8 /* CartePolygon.swift */,
			);
			path = Overlays;
			sourceTree = "<group>";
		};
		06A0CE4B2A1222F1003103C8 /* Location */ = {
			isa = PBXGroup;
			children = (
				06A0CE4C2A122391003103C8 /* Location.swift */,
				06A0CE4E2A1223A7003103C8 /* Category.swift */,
				06A0CE502A1223D1003103C8 /* LocationView.swift */,
			);
			path = Location;
			sourceTree = "<group>";
		};
		06A0CE522A124038003103C8 /* Frameworks */ = {
			isa = PBXGroup;
			children = (
				06A0CE532A12403C003103C8 /* MapKit.framework */,
			);
			name = Frameworks;
			sourceTree = "<group>";
		};
		06D2E6672A1BB97A00987A2D /* PointOfInterest */ = {
			isa = PBXGroup;
			children = (
				06D2E6682A1BB9AD00987A2D /* SearchPointOfInterest.swift */,
				06D2E66A2A1BBCB900987A2D /* MKPointOfInterest.swift */,
			);
			path = PointOfInterest;
			sourceTree = "<group>";
		};
		06F9632D2A0E87DC00BDC6A8 = {
			isa = PBXGroup;
			children = (
				06D2E6632A1B6D9F00987A2D /* README.md */,
				06F963382A0E87DC00BDC6A8 /* Carte */,
				06F963372A0E87DC00BDC6A8 /* Products */,
				06A0CE522A124038003103C8 /* Frameworks */,
			);
			sourceTree = "<group>";
		};
		06F963372A0E87DC00BDC6A8 /* Products */ = {
			isa = PBXGroup;
			children = (
				06F963362A0E87DC00BDC6A8 /* Carte.app */,
			);
			name = Products;
			sourceTree = "<group>";
		};
		06F963382A0E87DC00BDC6A8 /* Carte */ = {
			isa = PBXGroup;
			children = (
				06D2E6672A1BB97A00987A2D /* PointOfInterest */,
				06A0CE4B2A1222F1003103C8 /* Location */,
				06A0CE442A0E90AC003103C8 /* Overlays */,
				06A0CE3D2A0E8D6D003103C8 /* Configuration */,
				06A0CE3A2A0E8CB5003103C8 /* Annotation */,
				06A0CE392A0E8C43003103C8 /* Carte */,
				06F963392A0E87DC00BDC6A8 /* CarteApp.swift */,
				06F9633B2A0E87DC00BDC6A8 /* ContentView.swift */,
				06F9633D2A0E87DF00BDC6A8 /* Assets.xcassets */,
				06F9633F2A0E87DF00BDC6A8 /* Carte.entitlements */,
				06F963402A0E87DF00BDC6A8 /* Preview Content */,
				06AB2DDC2A20E131004AD954 /* Header.swift */,
			);
			path = Carte;
			sourceTree = "<group>";
		};
		06F963402A0E87DF00BDC6A8 /* Preview Content */ = {
			isa = PBXGroup;
			children = (
				06F963412A0E87DF00BDC6A8 /* Preview Assets.xcassets */,
			);
			path = "Preview Content";
			sourceTree = "<group>";
		};
/* End PBXGroup section */

/* Begin PBXNativeTarget section */
		06F963352A0E87DC00BDC6A8 /* Carte */ = {
			isa = PBXNativeTarget;
			buildConfigurationList = 06F963452A0E87DF00BDC6A8 /* Build configuration list for PBXNativeTarget "Carte" */;
			buildPhases = (
				06F963322A0E87DC00BDC6A8 /* Sources */,
				06F963332A0E87DC00BDC6A8 /* Frameworks */,
				06F963342A0E87DC00BDC6A8 /* Resources */,
			);
			buildRules = (
			);
			dependencies = (
			);
			name = Carte;
			productName = Carte;
			productReference = 06F963362A0E87DC00BDC6A8 /* Carte.app */;
			productType = "com.apple.product-type.application";
		};
/* End PBXNativeTarget section */

/* Begin PBXProject section */
		06F9632E2A0E87DC00BDC6A8 /* Project object */ = {
			isa = PBXProject;
			attributes = {
				BuildIndependentTargetsInParallel = 1;
				LastSwiftUpdateCheck = 1420;
				LastUpgradeCheck = 1420;
				TargetAttributes = {
					06F963352A0E87DC00BDC6A8 = {
						CreatedOnToolsVersion = 14.2;
					};
				};
			};
			buildConfigurationList = 06F963312A0E87DC00BDC6A8 /* Build configuration list for PBXProject "Carte" */;
			compatibilityVersion = "Xcode 14.0";
			developmentRegion = en;
			hasScannedForEncodings = 0;
			knownRegions = (
				en,
				Base,
			);
			mainGroup = 06F9632D2A0E87DC00BDC6A8;
			productRefGroup = 06F963372A0E87DC00BDC6A8 /* Products */;
			projectDirPath = "";
			projectRoot = "";
			targets = (
				06F963352A0E87DC00BDC6A8 /* Carte */,
			);
		};
/* End PBXProject section */

/* Begin PBXResourcesBuildPhase section */
		06F963342A0E87DC00BDC6A8 /* Resources */ = {
			isa = PBXResourcesBuildPhase;
			buildActionMask = 2147483647;
			files = (
				06D2E6642A1B6D9F00987A2D /* README.md in Resources */,
				06F963422A0E87DF00BDC6A8 /* Preview Assets.xcassets in Resources */,
				06F9633E2A0E87DF00BDC6A8 /* Assets.xcassets in Resources */,
			);
			runOnlyForDeploymentPostprocessing = 0;
		};
/* End PBXResourcesBuildPhase section */

/* Begin PBXSourcesBuildPhase section */
		06F963322A0E87DC00BDC6A8 /* Sources */ = {
			isa = PBXSourcesBuildPhase;
			buildActionMask = 2147483647;
			files = (
				06AB2DDD2A20E131004AD954 /* Header.swift in Sources */,
				069F4B2A2A12516700AA9784 /* View.swift in Sources */,
				06F9633C2A0E87DC00BDC6A8 /* ContentView.swift in Sources */,
				06A0CE512A1223D1003103C8 /* LocationView.swift in Sources */,
				06A0CE3C2A0E8CDA003103C8 /* AnnotationView.swift in Sources */,
				06A0CE4D2A122391003103C8 /* Location.swift in Sources */,
				06A0CE432A0E8FDA003103C8 /* Coordinator.swift in Sources */,
				06A0CE4A2A0E9444003103C8 /* Configuration.swift in Sources */,
				06F9633A2A0E87DC00BDC6A8 /* CarteApp.swift in Sources */,
				06A0CE482A0E917B003103C8 /* CartePolygon.swift in Sources */,
				06D2E6692A1BB9AD00987A2D /* SearchPointOfInterest.swift in Sources */,
				06A0CE3F2A0E8D98003103C8 /* Extension.swift in Sources */,
				06A0CE462A0E90E3003103C8 /* MultiPolygon.swift in Sources */,
				06D2E66B2A1BBCB900987A2D /* MKPointOfInterest.swift in Sources */,
				06A0CE412A0E8FCE003103C8 /* Carte.swift in Sources */,
				06A0CE4F2A1223A7003103C8 /* Category.swift in Sources */,
			);
			runOnlyForDeploymentPostprocessing = 0;
		};
/* End PBXSourcesBuildPhase section */

/* Begin XCBuildConfiguration section */
		06F963432A0E87DF00BDC6A8 /* Debug */ = {
			isa = XCBuildConfiguration;
			buildSettings = {
				ALWAYS_SEARCH_USER_PATHS = NO;
				CLANG_ANALYZER_NONNULL = YES;
				CLANG_ANALYZER_NUMBER_OBJECT_CONVERSION = YES_AGGRESSIVE;
				CLANG_CXX_LANGUAGE_STANDARD = "gnu++20";
				CLANG_ENABLE_MODULES = YES;
				CLANG_ENABLE_OBJC_ARC = YES;
				CLANG_ENABLE_OBJC_WEAK = YES;
				CLANG_WARN_BLOCK_CAPTURE_AUTORELEASING = YES;
				CLANG_WARN_BOOL_CONVERSION = YES;
				CLANG_WARN_COMMA = YES;
				CLANG_WARN_CONSTANT_CONVERSION = YES;
				CLANG_WARN_DEPRECATED_OBJC_IMPLEMENTATIONS = YES;
				CLANG_WARN_DIRECT_OBJC_ISA_USAGE = YES_ERROR;
				CLANG_WARN_DOCUMENTATION_COMMENTS = YES;
				CLANG_WARN_EMPTY_BODY = YES;
				CLANG_WARN_ENUM_CONVERSION = YES;
				CLANG_WARN_INFINITE_RECURSION = YES;
				CLANG_WARN_INT_CONVERSION = YES;
				CLANG_WARN_NON_LITERAL_NULL_CONVERSION = YES;
				CLANG_WARN_OBJC_IMPLICIT_RETAIN_SELF = YES;
				CLANG_WARN_OBJC_LITERAL_CONVERSION = YES;
				CLANG_WARN_OBJC_ROOT_CLASS = YES_ERROR;
				CLANG_WARN_QUOTED_INCLUDE_IN_FRAMEWORK_HEADER = YES;
				CLANG_WARN_RANGE_LOOP_ANALYSIS = YES;
				CLANG_WARN_STRICT_PROTOTYPES = YES;
				CLANG_WARN_SUSPICIOUS_MOVE = YES;
				CLANG_WARN_UNGUARDED_AVAILABILITY = YES_AGGRESSIVE;
				CLANG_WARN_UNREACHABLE_CODE = YES;
				CLANG_WARN__DUPLICATE_METHOD_MATCH = YES;
				COPY_PHASE_STRIP = NO;
				DEBUG_INFORMATION_FORMAT = dwarf;
				ENABLE_STRICT_OBJC_MSGSEND = YES;
				ENABLE_TESTABILITY = YES;
				GCC_C_LANGUAGE_STANDARD = gnu11;
				GCC_DYNAMIC_NO_PIC = NO;
				GCC_NO_COMMON_BLOCKS = YES;
				GCC_OPTIMIZATION_LEVEL = 0;
				GCC_PREPROCESSOR_DEFINITIONS = (
					"DEBUG=1",
					"$(inherited)",
				);
				GCC_WARN_64_TO_32_BIT_CONVERSION = YES;
				GCC_WARN_ABOUT_RETURN_TYPE = YES_ERROR;
				GCC_WARN_UNDECLARED_SELECTOR = YES;
				GCC_WARN_UNINITIALIZED_AUTOS = YES_AGGRESSIVE;
				GCC_WARN_UNUSED_FUNCTION = YES;
				GCC_WARN_UNUSED_VARIABLE = YES;
				MTL_ENABLE_DEBUG_INFO = INCLUDE_SOURCE;
				MTL_FAST_MATH = YES;
				ONLY_ACTIVE_ARCH = YES;
				SWIFT_ACTIVE_COMPILATION_CONDITIONS = DEBUG;
				SWIFT_OPTIMIZATION_LEVEL = "-Onone";
			};
			name = Debug;
		};
		06F963442A0E87DF00BDC6A8 /* Release */ = {
			isa = XCBuildConfiguration;
			buildSettings = {
				ALWAYS_SEARCH_USER_PATHS = NO;
				CLANG_ANALYZER_NONNULL = YES;
				CLANG_ANALYZER_NUMBER_OBJECT_CONVERSION = YES_AGGRESSIVE;
				CLANG_CXX_LANGUAGE_STANDARD = "gnu++20";
				CLANG_ENABLE_MODULES = YES;
				CLANG_ENABLE_OBJC_ARC = YES;
				CLANG_ENABLE_OBJC_WEAK = YES;
				CLANG_WARN_BLOCK_CAPTURE_AUTORELEASING = YES;
				CLANG_WARN_BOOL_CONVERSION = YES;
				CLANG_WARN_COMMA = YES;
				CLANG_WARN_CONSTANT_CONVERSION = YES;
				CLANG_WARN_DEPRECATED_OBJC_IMPLEMENTATIONS = YES;
				CLANG_WARN_DIRECT_OBJC_ISA_USAGE = YES_ERROR;
				CLANG_WARN_DOCUMENTATION_COMMENTS = YES;
				CLANG_WARN_EMPTY_BODY = YES;
				CLANG_WARN_ENUM_CONVERSION = YES;
				CLANG_WARN_INFINITE_RECURSION = YES;
				CLANG_WARN_INT_CONVERSION = YES;
				CLANG_WARN_NON_LITERAL_NULL_CONVERSION = YES;
				CLANG_WARN_OBJC_IMPLICIT_RETAIN_SELF = YES;
				CLANG_WARN_OBJC_LITERAL_CONVERSION = YES;
				CLANG_WARN_OBJC_ROOT_CLASS = YES_ERROR;
				CLANG_WARN_QUOTED_INCLUDE_IN_FRAMEWORK_HEADER = YES;
				CLANG_WARN_RANGE_LOOP_ANALYSIS = YES;
				CLANG_WARN_STRICT_PROTOTYPES = YES;
				CLANG_WARN_SUSPICIOUS_MOVE = YES;
				CLANG_WARN_UNGUARDED_AVAILABILITY = YES_AGGRESSIVE;
				CLANG_WARN_UNREACHABLE_CODE = YES;
				CLANG_WARN__DUPLICATE_METHOD_MATCH = YES;
				COPY_PHASE_STRIP = NO;
				DEBUG_INFORMATION_FORMAT = "dwarf-with-dsym";
				ENABLE_NS_ASSERTIONS = NO;
				ENABLE_STRICT_OBJC_MSGSEND = YES;
				GCC_C_LANGUAGE_STANDARD = gnu11;
				GCC_NO_COMMON_BLOCKS = YES;
				GCC_WARN_64_TO_32_BIT_CONVERSION = YES;
				GCC_WARN_ABOUT_RETURN_TYPE = YES_ERROR;
				GCC_WARN_UNDECLARED_SELECTOR = YES;
				GCC_WARN_UNINITIALIZED_AUTOS = YES_AGGRESSIVE;
				GCC_WARN_UNUSED_FUNCTION = YES;
				GCC_WARN_UNUSED_VARIABLE = YES;
				MTL_ENABLE_DEBUG_INFO = NO;
				MTL_FAST_MATH = YES;
				SWIFT_COMPILATION_MODE = wholemodule;
				SWIFT_OPTIMIZATION_LEVEL = "-O";
			};
			name = Release;
		};
		06F963462A0E87DF00BDC6A8 /* Debug */ = {
			isa = XCBuildConfiguration;
			buildSettings = {
				ASSETCATALOG_COMPILER_APPICON_NAME = AppIcon;
				ASSETCATALOG_COMPILER_GLOBAL_ACCENT_COLOR_NAME = AccentColor;
				CODE_SIGN_ENTITLEMENTS = Carte/Carte.entitlements;
				CODE_SIGN_STYLE = Automatic;
				CURRENT_PROJECT_VERSION = 1;
				DEVELOPMENT_ASSET_PATHS = "\"Carte/Preview Content\"";
				DEVELOPMENT_TEAM = 8LY5P9NNCS;
				ENABLE_HARDENED_RUNTIME = YES;
				ENABLE_PREVIEWS = YES;
				GENERATE_INFOPLIST_FILE = YES;
				INFOPLIST_FILE = Carte/Info.plist;
				"INFOPLIST_KEY_UIApplicationSceneManifest_Generation[sdk=iphoneos*]" = YES;
				"INFOPLIST_KEY_UIApplicationSceneManifest_Generation[sdk=iphonesimulator*]" = YES;
				"INFOPLIST_KEY_UIApplicationSupportsIndirectInputEvents[sdk=iphoneos*]" = YES;
				"INFOPLIST_KEY_UIApplicationSupportsIndirectInputEvents[sdk=iphonesimulator*]" = YES;
				"INFOPLIST_KEY_UILaunchScreen_Generation[sdk=iphoneos*]" = YES;
				"INFOPLIST_KEY_UILaunchScreen_Generation[sdk=iphonesimulator*]" = YES;
				"INFOPLIST_KEY_UIStatusBarStyle[sdk=iphoneos*]" = UIStatusBarStyleDefault;
				"INFOPLIST_KEY_UIStatusBarStyle[sdk=iphonesimulator*]" = UIStatusBarStyleDefault;
				INFOPLIST_KEY_UISupportedInterfaceOrientations = UIInterfaceOrientationPortrait;
				INFOPLIST_KEY_UISupportedInterfaceOrientations_iPad = "UIInterfaceOrientationLandscapeLeft UIInterfaceOrientationLandscapeRight UIInterfaceOrientationPortrait UIInterfaceOrientationPortraitUpsideDown";
				IPHONEOS_DEPLOYMENT_TARGET = 16.0;
				LD_RUNPATH_SEARCH_PATHS = "@executable_path/Frameworks";
				"LD_RUNPATH_SEARCH_PATHS[sdk=macosx*]" = "@executable_path/../Frameworks";
				MACOSX_DEPLOYMENT_TARGET = 12.6;
				MARKETING_VERSION = 1.0;
				PRODUCT_BUNDLE_IDENTIFIER = "Guillaume-Genest.Carte";
				PRODUCT_NAME = "$(TARGET_NAME)";
				SDKROOT = auto;
				SUPPORTED_PLATFORMS = "iphoneos iphonesimulator";
				SUPPORTS_MACCATALYST = NO;
				SUPPORTS_MAC_DESIGNED_FOR_IPHONE_IPAD = NO;
				SWIFT_EMIT_LOC_STRINGS = YES;
				SWIFT_VERSION = 5.0;
				TARGETED_DEVICE_FAMILY = "1,2";
			};
			name = Debug;
		};
		06F963472A0E87DF00BDC6A8 /* Release */ = {
			isa = XCBuildConfiguration;
			buildSettings = {
				ASSETCATALOG_COMPILER_APPICON_NAME = AppIcon;
				ASSETCATALOG_COMPILER_GLOBAL_ACCENT_COLOR_NAME = AccentColor;
				CODE_SIGN_ENTITLEMENTS = Carte/Carte.entitlements;
				CODE_SIGN_STYLE = Automatic;
				CURRENT_PROJECT_VERSION = 1;
				DEVELOPMENT_ASSET_PATHS = "\"Carte/Preview Content\"";
				DEVELOPMENT_TEAM = 8LY5P9NNCS;
				ENABLE_HARDENED_RUNTIME = YES;
				ENABLE_PREVIEWS = YES;
				GENERATE_INFOPLIST_FILE = YES;
				INFOPLIST_FILE = Carte/Info.plist;
				"INFOPLIST_KEY_UIApplicationSceneManifest_Generation[sdk=iphoneos*]" = YES;
				"INFOPLIST_KEY_UIApplicationSceneManifest_Generation[sdk=iphonesimulator*]" = YES;
				"INFOPLIST_KEY_UIApplicationSupportsIndirectInputEvents[sdk=iphoneos*]" = YES;
				"INFOPLIST_KEY_UIApplicationSupportsIndirectInputEvents[sdk=iphonesimulator*]" = YES;
				"INFOPLIST_KEY_UILaunchScreen_Generation[sdk=iphoneos*]" = YES;
				"INFOPLIST_KEY_UILaunchScreen_Generation[sdk=iphonesimulator*]" = YES;
				"INFOPLIST_KEY_UIStatusBarStyle[sdk=iphoneos*]" = UIStatusBarStyleDefault;
				"INFOPLIST_KEY_UIStatusBarStyle[sdk=iphonesimulator*]" = UIStatusBarStyleDefault;
				INFOPLIST_KEY_UISupportedInterfaceOrientations = UIInterfaceOrientationPortrait;
				INFOPLIST_KEY_UISupportedInterfaceOrientations_iPad = "UIInterfaceOrientationLandscapeLeft UIInterfaceOrientationLandscapeRight UIInterfaceOrientationPortrait UIInterfaceOrientationPortraitUpsideDown";
				IPHONEOS_DEPLOYMENT_TARGET = 16.0;
				LD_RUNPATH_SEARCH_PATHS = "@executable_path/Frameworks";
				"LD_RUNPATH_SEARCH_PATHS[sdk=macosx*]" = "@executable_path/../Frameworks";
				MACOSX_DEPLOYMENT_TARGET = 12.6;
				MARKETING_VERSION = 1.0;
				PRODUCT_BUNDLE_IDENTIFIER = "Guillaume-Genest.Carte";
				PRODUCT_NAME = "$(TARGET_NAME)";
				SDKROOT = auto;
				SUPPORTED_PLATFORMS = "iphoneos iphonesimulator";
				SUPPORTS_MACCATALYST = NO;
				SUPPORTS_MAC_DESIGNED_FOR_IPHONE_IPAD = NO;
				SWIFT_EMIT_LOC_STRINGS = YES;
				SWIFT_VERSION = 5.0;
				TARGETED_DEVICE_FAMILY = "1,2";
			};
			name = Release;
		};
/* End XCBuildConfiguration section */

/* Begin XCConfigurationList section */
		06F963312A0E87DC00BDC6A8 /* Build configuration list for PBXProject "Carte" */ = {
			isa = XCConfigurationList;
			buildConfigurations = (
				06F963432A0E87DF00BDC6A8 /* Debug */,
				06F963442A0E87DF00BDC6A8 /* Release */,
			);
			defaultConfigurationIsVisible = 0;
			defaultConfigurationName = Release;
		};
		06F963452A0E87DF00BDC6A8 /* Build configuration list for PBXNativeTarget "Carte" */ = {
			isa = XCConfigurationList;
			buildConfigurations = (
				06F963462A0E87DF00BDC6A8 /* Debug */,
				06F963472A0E87DF00BDC6A8 /* Release */,
			);
			defaultConfigurationIsVisible = 0;
			defaultConfigurationName = Release;
		};
/* End XCConfigurationList section */
	};
	rootObject = 06F9632E2A0E87DC00BDC6A8 /* Project object */;
}
